
Microsoft Visual Studio Solution File, Format Version 12.00
# Visual Studio Version 17
VisualStudioVersion = 17.8.34511.84
MinimumVisualStudioVersion = 10.0.40219.1
Project("{FAE04EC0-301F-11D3-BF4B-00C04F79EFBC}") = "TalentFlowHr", "TalentFlowHr\TalentFlowHr.csproj", "{D2E144E1-55FD-4305-8BF4-96C5FCE406D1}"
EndProject
Global
	GlobalSection(SolutionConfigurationPlatforms) = preSolution
		Debug|Any CPU = Debug|Any CPU
		Release|Any CPU = Release|Any CPU
	EndGlobalSection
	GlobalSection(ProjectConfigurationPlatforms) = postSolution
		{D2E144E1-55FD-4305-8BF4-96C5FCE406D1}.Debug|Any CPU.ActiveCfg = Debug|Any CPU
		{D2E144E1-55FD-4305-8BF4-96C5FCE406D1}.Debug|Any CPU.Build.0 = Debug|Any CPU
		{D2E144E1-55FD-4305-8BF4-96C5FCE406D1}.Release|Any CPU.ActiveCfg = Release|Any CPU
		{D2E144E1-55FD-4305-8BF4-96C5FCE406D1}.Release|Any CPU.Build.0 = Release|Any CPU
	EndGlobalSection
	GlobalSection(SolutionProperties) = preSolution
		HideSolutionNode = FALSE
	EndGlobalSection
	GlobalSection(ExtensibilityGlobals) = postSolution
		SolutionGuid = {F61997CA-9279-4CAC-8C66-5A86B283AE40}
	EndGlobalSection
EndGlobal
